// !$*UTF8*$!
{
	archiveVersion = 1;
	classes = {
	};
	objectVersion = 56;
	objects = {

/* Begin PBXBuildFile section */
		B249C45229A33B35004814F2 /* AppDelegate.swift in Sources */ = {isa = PBXBuildFile; fileRef = B249C45129A33B35004814F2 /* AppDelegate.swift */; };
		B249C45429A33B35004814F2 /* SceneDelegate.swift in Sources */ = {isa = PBXBuildFile; fileRef = B249C45329A33B35004814F2 /* SceneDelegate.swift */; };
		B249C45629A33B35004814F2 /* ViewController.swift in Sources */ = {isa = PBXBuildFile; fileRef = B249C45529A33B35004814F2 /* ViewController.swift */; };
		B249C45929A33B35004814F2 /* Main.storyboard in Resources */ = {isa = PBXBuildFile; fileRef = B249C45729A33B35004814F2 /* Main.storyboard */; };
		B249C45B29A33B36004814F2 /* Assets.xcassets in Resources */ = {isa = PBXBuildFile; fileRef = B249C45A29A33B36004814F2 /* Assets.xcassets */; };
		B249C45E29A33B36004814F2 /* LaunchScreen.storyboard in Resources */ = {isa = PBXBuildFile; fileRef = B249C45C29A33B36004814F2 /* LaunchScreen.storyboard */; };
		B249C46929A33B37004814F2 /* TestTests.swift in Sources */ = {isa = PBXBuildFile; fileRef = B249C46829A33B37004814F2 /* TestTests.swift */; };
		B249C47329A33B37004814F2 /* TestUITests.swift in Sources */ = {isa = PBXBuildFile; fileRef = B249C47229A33B37004814F2 /* TestUITests.swift */; };
		B249C47529A33B37004814F2 /* TestUITestsLaunchTests.swift in Sources */ = {isa = PBXBuildFile; fileRef = B249C47429A33B37004814F2 /* TestUITestsLaunchTests.swift */; };
		B249C48229A33FA0004814F2 /* ContactCell.swift in Sources */ = {isa = PBXBuildFile; fileRef = B249C48129A33FA0004814F2 /* ContactCell.swift */; };
		B249C48429A35CEC004814F2 /* FetchContact.swift in Sources */ = {isa = PBXBuildFile; fileRef = B249C48329A35CEC004814F2 /* FetchContact.swift */; };
		B249C48929A35E6F004814F2 /* ContactModel.swift in Sources */ = {isa = PBXBuildFile; fileRef = B249C48829A35E6F004814F2 /* ContactModel.swift */; };
/* End PBXBuildFile section */

/* Begin PBXContainerItemProxy section */
		B249C46529A33B37004814F2 /* PBXContainerItemProxy */ = {
			isa = PBXContainerItemProxy;
			containerPortal = B249C44629A33B34004814F2 /* Project object */;
			proxyType = 1;
			remoteGlobalIDString = B249C44D29A33B35004814F2;
			remoteInfo = Test;
		};
		B249C46F29A33B37004814F2 /* PBXContainerItemProxy */ = {
			isa = PBXContainerItemProxy;
			containerPortal = B249C44629A33B34004814F2 /* Project object */;
			proxyType = 1;
			remoteGlobalIDString = B249C44D29A33B35004814F2;
			remoteInfo = Test;
		};
/* End PBXContainerItemProxy section */

/* Begin PBXFileReference section */
		B249C44E29A33B35004814F2 /* ContactFetch Demo.app */ = {isa = PBXFileReference; explicitFileType = wrapper.application; includeInIndex = 0; path = "ContactFetch Demo.app"; sourceTree = BUILT_PRODUCTS_DIR; };
		B249C45129A33B35004814F2 /* AppDelegate.swift */ = {isa = PBXFileReference; lastKnownFileType = sourcecode.swift; path = AppDelegate.swift; sourceTree = "<group>"; };
		B249C45329A33B35004814F2 /* SceneDelegate.swift */ = {isa = PBXFileReference; lastKnownFileType = sourcecode.swift; path = SceneDelegate.swift; sourceTree = "<group>"; };
		B249C45529A33B35004814F2 /* ViewController.swift */ = {isa = PBXFileReference; lastKnownFileType = sourcecode.swift; path = ViewController.swift; sourceTree = "<group>"; };
		B249C45829A33B35004814F2 /* Base */ = {isa = PBXFileReference; lastKnownFileType = file.storyboard; name = Base; path = Base.lproj/Main.storyboard; sourceTree = "<group>"; };
		B249C45A29A33B36004814F2 /* Assets.xcassets */ = {isa = PBXFileReference; lastKnownFileType = folder.assetcatalog; path = Assets.xcassets; sourceTree = "<group>"; };
		B249C45D29A33B36004814F2 /* Base */ = {isa = PBXFileReference; lastKnownFileType = file.storyboard; name = Base; path = Base.lproj/LaunchScreen.storyboard; sourceTree = "<group>"; };
		B249C45F29A33B36004814F2 /* Info.plist */ = {isa = PBXFileReference; lastKnownFileType = text.plist.xml; path = Info.plist; sourceTree = "<group>"; };
		B249C46429A33B37004814F2 /* ContactFetch DemoContactFetch Demos.xctest */ = {isa = PBXFileReference; explicitFileType = wrapper.cfbundle; includeInIndex = 0; path = "ContactFetch DemoContactFetch Demos.xctest"; sourceTree = BUILT_PRODUCTS_DIR; };
		B249C46829A33B37004814F2 /* TestTests.swift */ = {isa = PBXFileReference; lastKnownFileType = sourcecode.swift; path = TestTests.swift; sourceTree = "<group>"; };
		B249C46E29A33B37004814F2 /* ContactFetch DemoUIContactFetch Demos.xctest */ = {isa = PBXFileReference; explicitFileType = wrapper.cfbundle; includeInIndex = 0; path = "ContactFetch DemoUIContactFetch Demos.xctest"; sourceTree = BUILT_PRODUCTS_DIR; };
		B249C47229A33B37004814F2 /* TestUITests.swift */ = {isa = PBXFileReference; lastKnownFileType = sourcecode.swift; path = TestUITests.swift; sourceTree = "<group>"; };
		B249C47429A33B37004814F2 /* TestUITestsLaunchTests.swift */ = {isa = PBXFileReference; lastKnownFileType = sourcecode.swift; path = TestUITestsLaunchTests.swift; sourceTree = "<group>"; };
		B249C48129A33FA0004814F2 /* ContactCell.swift */ = {isa = PBXFileReference; lastKnownFileType = sourcecode.swift; path = ContactCell.swift; sourceTree = "<group>"; };
		B249C48329A35CEC004814F2 /* FetchContact.swift */ = {isa = PBXFileReference; lastKnownFileType = sourcecode.swift; path = FetchContact.swift; sourceTree = "<group>"; };
		B249C48829A35E6F004814F2 /* ContactModel.swift */ = {isa = PBXFileReference; lastKnownFileType = sourcecode.swift; path = ContactModel.swift; sourceTree = "<group>"; };
/* End PBXFileReference section */

/* Begin PBXFrameworksBuildPhase section */
		B249C44B29A33B35004814F2 /* Frameworks */ = {
			isa = PBXFrameworksBuildPhase;
			buildActionMask = 2147483647;
			files = (
			);
			runOnlyForDeploymentPostprocessing = 0;
		};
		B249C46129A33B37004814F2 /* Frameworks */ = {
			isa = PBXFrameworksBuildPhase;
			buildActionMask = 2147483647;
			files = (
			);
			runOnlyForDeploymentPostprocessing = 0;
		};
		B249C46B29A33B37004814F2 /* Frameworks */ = {
			isa = PBXFrameworksBuildPhase;
			buildActionMask = 2147483647;
			files = (
			);
			runOnlyForDeploymentPostprocessing = 0;
		};
/* End PBXFrameworksBuildPhase section */

/* Begin PBXGroup section */
		B249C44529A33B34004814F2 = {
			isa = PBXGroup;
			children = (
				B249C45029A33B35004814F2 /* Test */,
				B249C46729A33B37004814F2 /* TestTests */,
				B249C47129A33B37004814F2 /* TestUITests */,
				B249C44F29A33B35004814F2 /* Products */,
			);
			sourceTree = "<group>";
		};
		B249C44F29A33B35004814F2 /* Products */ = {
			isa = PBXGroup;
			children = (
				B249C44E29A33B35004814F2 /* ContactFetch Demo.app */,
				B249C46429A33B37004814F2 /* ContactFetch DemoContactFetch Demos.xctest */,
				B249C46E29A33B37004814F2 /* ContactFetch DemoUIContactFetch Demos.xctest */,
			);
			name = Products;
			sourceTree = "<group>";
		};
		B249C45029A33B35004814F2 /* Test */ = {
			isa = PBXGroup;
			children = (
				B249C48729A35D79004814F2 /* Controller */,
				B249C48629A35D6E004814F2 /* View */,
				B249C48529A35D66004814F2 /* Model */,
				B249C45129A33B35004814F2 /* AppDelegate.swift */,
				B249C45329A33B35004814F2 /* SceneDelegate.swift */,
				B249C45729A33B35004814F2 /* Main.storyboard */,
				B249C45A29A33B36004814F2 /* Assets.xcassets */,
				B249C45C29A33B36004814F2 /* LaunchScreen.storyboard */,
				B249C45F29A33B36004814F2 /* Info.plist */,
			);
			path = Test;
			sourceTree = "<group>";
		};
		B249C46729A33B37004814F2 /* TestTests */ = {
			isa = PBXGroup;
			children = (
				B249C46829A33B37004814F2 /* TestTests.swift */,
			);
			path = TestTests;
			sourceTree = "<group>";
		};
		B249C47129A33B37004814F2 /* TestUITests */ = {
			isa = PBXGroup;
			children = (
				B249C47229A33B37004814F2 /* TestUITests.swift */,
				B249C47429A33B37004814F2 /* TestUITestsLaunchTests.swift */,
			);
			path = TestUITests;
			sourceTree = "<group>";
		};
		B249C48529A35D66004814F2 /* Model */ = {
			isa = PBXGroup;
			children = (
				B249C48829A35E6F004814F2 /* ContactModel.swift */,
			);
			path = Model;
			sourceTree = "<group>";
		};
		B249C48629A35D6E004814F2 /* View */ = {
			isa = PBXGroup;
			children = (
				B249C48129A33FA0004814F2 /* ContactCell.swift */,
			);
			path = View;
			sourceTree = "<group>";
		};
		B249C48729A35D79004814F2 /* Controller */ = {
			isa = PBXGroup;
			children = (
				B249C45529A33B35004814F2 /* ViewController.swift */,
				B249C48329A35CEC004814F2 /* FetchContact.swift */,
			);
			path = Controller;
			sourceTree = "<group>";
		};
/* End PBXGroup section */

/* Begin PBXNativeTarget section */
		B249C44D29A33B35004814F2 /* ContactFetch Demo */ = {
			isa = PBXNativeTarget;
			buildConfigurationList = B249C47829A33B37004814F2 /* Build configuration list for PBXNativeTarget "ContactFetch Demo" */;
			buildPhases = (
				B249C44A29A33B35004814F2 /* Sources */,
				B249C44B29A33B35004814F2 /* Frameworks */,
				B249C44C29A33B35004814F2 /* Resources */,
			);
			buildRules = (
			);
			dependencies = (
			);
			name = "ContactFetch Demo";
			productName = Test;
			productReference = B249C44E29A33B35004814F2 /* ContactFetch Demo.app */;
			productType = "com.apple.product-type.application";
		};
		B249C46329A33B37004814F2 /* ContactFetch DemoContactFetch Demos */ = {
			isa = PBXNativeTarget;
			buildConfigurationList = B249C47B29A33B37004814F2 /* Build configuration list for PBXNativeTarget "ContactFetch DemoContactFetch Demos" */;
			buildPhases = (
				B249C46029A33B37004814F2 /* Sources */,
				B249C46129A33B37004814F2 /* Frameworks */,
				B249C46229A33B37004814F2 /* Resources */,
			);
			buildRules = (
			);
			dependencies = (
				B249C46629A33B37004814F2 /* PBXTargetDependency */,
			);
			name = "ContactFetch DemoContactFetch Demos";
			productName = TestTests;
			productReference = B249C46429A33B37004814F2 /* ContactFetch DemoContactFetch Demos.xctest */;
			productType = "com.apple.product-type.bundle.unit-test";
		};
		B249C46D29A33B37004814F2 /* ContactFetch DemoUIContactFetch Demos */ = {
			isa = PBXNativeTarget;
			buildConfigurationList = B249C47E29A33B37004814F2 /* Build configuration list for PBXNativeTarget "ContactFetch DemoUIContactFetch Demos" */;
			buildPhases = (
				B249C46A29A33B37004814F2 /* Sources */,
				B249C46B29A33B37004814F2 /* Frameworks */,
				B249C46C29A33B37004814F2 /* Resources */,
			);
			buildRules = (
			);
			dependencies = (
				B249C47029A33B37004814F2 /* PBXTargetDependency */,
			);
			name = "ContactFetch DemoUIContactFetch Demos";
			productName = TestUITests;
			productReference = B249C46E29A33B37004814F2 /* ContactFetch DemoUIContactFetch Demos.xctest */;
			productType = "com.apple.product-type.bundle.ui-testing";
		};
/* End PBXNativeTarget section */

/* Begin PBXProject section */
		B249C44629A33B34004814F2 /* Project object */ = {
			isa = PBXProject;
			attributes = {
				BuildIndependentTargetsInParallel = 1;
				LastSwiftUpdateCheck = 1400;
				LastUpgradeCheck = 1400;
				TargetAttributes = {
					B249C44D29A33B35004814F2 = {
						CreatedOnToolsVersion = 14.0;
					};
					B249C46329A33B37004814F2 = {
						CreatedOnToolsVersion = 14.0;
						TestTargetID = B249C44D29A33B35004814F2;
					};
					B249C46D29A33B37004814F2 = {
						CreatedOnToolsVersion = 14.0;
						TestTargetID = B249C44D29A33B35004814F2;
					};
				};
			};
			buildConfigurationList = B249C44929A33B34004814F2 /* Build configuration list for PBXProject "ContactFetch Demo" */;
			compatibilityVersion = "Xcode 14.0";
			developmentRegion = en;
			hasScannedForEncodings = 0;
			knownRegions = (
				en,
				Base,
			);
			mainGroup = B249C44529A33B34004814F2;
			productRefGroup = B249C44F29A33B35004814F2 /* Products */;
			projectDirPath = "";
			projectRoot = "";
			targets = (
				B249C44D29A33B35004814F2 /* ContactFetch Demo */,
				B249C46329A33B37004814F2 /* ContactFetch DemoContactFetch Demos */,
				B249C46D29A33B37004814F2 /* ContactFetch DemoUIContactFetch Demos */,
			);
		};
/* End PBXProject section */

/* Begin PBXResourcesBuildPhase section */
		B249C44C29A33B35004814F2 /* Resources */ = {
			isa = PBXResourcesBuildPhase;
			buildActionMask = 2147483647;
			files = (
				B249C45E29A33B36004814F2 /* LaunchScreen.storyboard in Resources */,
				B249C45B29A33B36004814F2 /* Assets.xcassets in Resources */,
				B249C45929A33B35004814F2 /* Main.storyboard in Resources */,
			);
			runOnlyForDeploymentPostprocessing = 0;
		};
		B249C46229A33B37004814F2 /* Resources */ = {
			isa = PBXResourcesBuildPhase;
			buildActionMask = 2147483647;
			files = (
			);
			runOnlyForDeploymentPostprocessing = 0;
		};
		B249C46C29A33B37004814F2 /* Resources */ = {
			isa = PBXResourcesBuildPhase;
			buildActionMask = 2147483647;
			files = (
			);
			runOnlyForDeploymentPostprocessing = 0;
		};
/* End PBXResourcesBuildPhase section */

/* Begin PBXSourcesBuildPhase section */
		B249C44A29A33B35004814F2 /* Sources */ = {
			isa = PBXSourcesBuildPhase;
			buildActionMask = 2147483647;
			files = (
				B249C48229A33FA0004814F2 /* ContactCell.swift in Sources */,
				B249C48429A35CEC004814F2 /* FetchContact.swift in Sources */,
				B249C48929A35E6F004814F2 /* ContactModel.swift in Sources */,
				B249C45629A33B35004814F2 /* ViewController.swift in Sources */,
				B249C45229A33B35004814F2 /* AppDelegate.swift in Sources */,
				B249C45429A33B35004814F2 /* SceneDelegate.swift in Sources */,
			);
			runOnlyForDeploymentPostprocessing = 0;
		};
		B249C46029A33B37004814F2 /* Sources */ = {
			isa = PBXSourcesBuildPhase;
			buildActionMask = 2147483647;
			files = (
				B249C46929A33B37004814F2 /* TestTests.swift in Sources */,
			);
			runOnlyForDeploymentPostprocessing = 0;
		};
		B249C46A29A33B37004814F2 /* Sources */ = {
			isa = PBXSourcesBuildPhase;
			buildActionMask = 2147483647;
			files = (
				B249C47529A33B37004814F2 /* TestUITestsLaunchTests.swift in Sources */,
				B249C47329A33B37004814F2 /* TestUITests.swift in Sources */,
			);
			runOnlyForDeploymentPostprocessing = 0;
		};
/* End PBXSourcesBuildPhase section */

/* Begin PBXTargetDependency section */
		B249C46629A33B37004814F2 /* PBXTargetDependency */ = {
			isa = PBXTargetDependency;
			target = B249C44D29A33B35004814F2 /* ContactFetch Demo */;
			targetProxy = B249C46529A33B37004814F2 /* PBXContainerItemProxy */;
		};
		B249C47029A33B37004814F2 /* PBXTargetDependency */ = {
			isa = PBXTargetDependency;
			target = B249C44D29A33B35004814F2 /* ContactFetch Demo */;
			targetProxy = B249C46F29A33B37004814F2 /* PBXContainerItemProxy */;
		};
/* End PBXTargetDependency section */

/* Begin PBXVariantGroup section */
		B249C45729A33B35004814F2 /* Main.storyboard */ = {
			isa = PBXVariantGroup;
			children = (
				B249C45829A33B35004814F2 /* Base */,
			);
			name = Main.storyboard;
			sourceTree = "<group>";
		};
		B249C45C29A33B36004814F2 /* LaunchScreen.storyboard */ = {
			isa = PBXVariantGroup;
			children = (
				B249C45D29A33B36004814F2 /* Base */,
			);
			name = LaunchScreen.storyboard;
			sourceTree = "<group>";
		};
/* End PBXVariantGroup section */

/* Begin XCBuildConfiguration section */
		B249C47629A33B37004814F2 /* Debug */ = {
			isa = XCBuildConfiguration;
			buildSettings = {
				ALWAYS_SEARCH_USER_PATHS = NO;
				CLANG_ANALYZER_NONNULL = YES;
				CLANG_ANALYZER_NUMBER_OBJECT_CONVERSION = YES_AGGRESSIVE;
				CLANG_CXX_LANGUAGE_STANDARD = "gnu++20";
				CLANG_ENABLE_MODULES = YES;
				CLANG_ENABLE_OBJC_ARC = YES;
				CLANG_ENABLE_OBJC_WEAK = YES;
				CLANG_WARN_BLOCK_CAPTURE_AUTORELEASING = YES;
				CLANG_WARN_BOOL_CONVERSION = YES;
				CLANG_WARN_COMMA = YES;
				CLANG_WARN_CONSTANT_CONVERSION = YES;
				CLANG_WARN_DEPRECATED_OBJC_IMPLEMENTATIONS = YES;
				CLANG_WARN_DIRECT_OBJC_ISA_USAGE = YES_ERROR;
				CLANG_WARN_DOCUMENTATION_COMMENTS = YES;
				CLANG_WARN_EMPTY_BODY = YES;
				CLANG_WARN_ENUM_CONVERSION = YES;
				CLANG_WARN_INFINITE_RECURSION = YES;
				CLANG_WARN_INT_CONVERSION = YES;
				CLANG_WARN_NON_LITERAL_NULL_CONVERSION = YES;
				CLANG_WARN_OBJC_IMPLICIT_RETAIN_SELF = YES;
				CLANG_WARN_OBJC_LITERAL_CONVERSION = YES;
				CLANG_WARN_OBJC_ROOT_CLASS = YES_ERROR;
				CLANG_WARN_QUOTED_INCLUDE_IN_FRAMEWORK_HEADER = YES;
				CLANG_WARN_RANGE_LOOP_ANALYSIS = YES;
				CLANG_WARN_STRICT_PROTOTYPES = YES;
				CLANG_WARN_SUSPICIOUS_MOVE = YES;
				CLANG_WARN_UNGUARDED_AVAILABILITY = YES_AGGRESSIVE;
				CLANG_WARN_UNREACHABLE_CODE = YES;
				CLANG_WARN__DUPLICATE_METHOD_MATCH = YES;
				COPY_PHASE_STRIP = NO;
				DEBUG_INFORMATION_FORMAT = dwarf;
				ENABLE_STRICT_OBJC_MSGSEND = YES;
				ENABLE_TESTABILITY = YES;
				GCC_C_LANGUAGE_STANDARD = gnu11;
				GCC_DYNAMIC_NO_PIC = NO;
				GCC_NO_COMMON_BLOCKS = YES;
				GCC_OPTIMIZATION_LEVEL = 0;
				GCC_PREPROCESSOR_DEFINITIONS = (
					"DEBUG=1",
					"$(inherited)",
				);
				GCC_WARN_64_TO_32_BIT_CONVERSION = YES;
				GCC_WARN_ABOUT_RETURN_TYPE = YES_ERROR;
				GCC_WARN_UNDECLARED_SELECTOR = YES;
				GCC_WARN_UNINITIALIZED_AUTOS = YES_AGGRESSIVE;
				GCC_WARN_UNUSED_FUNCTION = YES;
				GCC_WARN_UNUSED_VARIABLE = YES;
				IPHONEOS_DEPLOYMENT_TARGET = 16.0;
				MTL_ENABLE_DEBUG_INFO = INCLUDE_SOURCE;
				MTL_FAST_MATH = YES;
				ONLY_ACTIVE_ARCH = YES;
				SDKROOT = iphoneos;
				SWIFT_ACTIVE_COMPILATION_CONDITIONS = DEBUG;
				SWIFT_OPTIMIZATION_LEVEL = "-Onone";
			};
			name = Debug;
		};
		B249C47729A33B37004814F2 /* Release */ = {
			isa = XCBuildConfiguration;
			buildSettings = {
				ALWAYS_SEARCH_USER_PATHS = NO;
				CLANG_ANALYZER_NONNULL = YES;
				CLANG_ANALYZER_NUMBER_OBJECT_CONVERSION = YES_AGGRESSIVE;
				CLANG_CXX_LANGUAGE_STANDARD = "gnu++20";
				CLANG_ENABLE_MODULES = YES;
				CLANG_ENABLE_OBJC_ARC = YES;
				CLANG_ENABLE_OBJC_WEAK = YES;
				CLANG_WARN_BLOCK_CAPTURE_AUTORELEASING = YES;
				CLANG_WARN_BOOL_CONVERSION = YES;
				CLANG_WARN_COMMA = YES;
				CLANG_WARN_CONSTANT_CONVERSION = YES;
				CLANG_WARN_DEPRECATED_OBJC_IMPLEMENTATIONS = YES;
				CLANG_WARN_DIRECT_OBJC_ISA_USAGE = YES_ERROR;
				CLANG_WARN_DOCUMENTATION_COMMENTS = YES;
				CLANG_WARN_EMPTY_BODY = YES;
				CLANG_WARN_ENUM_CONVERSION = YES;
				CLANG_WARN_INFINITE_RECURSION = YES;
				CLANG_WARN_INT_CONVERSION = YES;
				CLANG_WARN_NON_LITERAL_NULL_CONVERSION = YES;
				CLANG_WARN_OBJC_IMPLICIT_RETAIN_SELF = YES;
				CLANG_WARN_OBJC_LITERAL_CONVERSION = YES;
				CLANG_WARN_OBJC_ROOT_CLASS = YES_ERROR;
				CLANG_WARN_QUOTED_INCLUDE_IN_FRAMEWORK_HEADER = YES;
				CLANG_WARN_RANGE_LOOP_ANALYSIS = YES;
				CLANG_WARN_STRICT_PROTOTYPES = YES;
				CLANG_WARN_SUSPICIOUS_MOVE = YES;
				CLANG_WARN_UNGUARDED_AVAILABILITY = YES_AGGRESSIVE;
				CLANG_WARN_UNREACHABLE_CODE = YES;
				CLANG_WARN__DUPLICATE_METHOD_MATCH = YES;
				COPY_PHASE_STRIP = NO;
				DEBUG_INFORMATION_FORMAT = "dwarf-with-dsym";
				ENABLE_NS_ASSERTIONS = NO;
				ENABLE_STRICT_OBJC_MSGSEND = YES;
				GCC_C_LANGUAGE_STANDARD = gnu11;
				GCC_NO_COMMON_BLOCKS = YES;
				GCC_WARN_64_TO_32_BIT_CONVERSION = YES;
				GCC_WARN_ABOUT_RETURN_TYPE = YES_ERROR;
				GCC_WARN_UNDECLARED_SELECTOR = YES;
				GCC_WARN_UNINITIALIZED_AUTOS = YES_AGGRESSIVE;
				GCC_WARN_UNUSED_FUNCTION = YES;
				GCC_WARN_UNUSED_VARIABLE = YES;
				IPHONEOS_DEPLOYMENT_TARGET = 16.0;
				MTL_ENABLE_DEBUG_INFO = NO;
				MTL_FAST_MATH = YES;
				SDKROOT = iphoneos;
				SWIFT_COMPILATION_MODE = wholemodule;
				SWIFT_OPTIMIZATION_LEVEL = "-O";
				VALIDATE_PRODUCT = YES;
			};
			name = Release;
		};
		B249C47929A33B37004814F2 /* Debug */ = {
			isa = XCBuildConfiguration;
			buildSettings = {
				ASSETCATALOG_COMPILER_APPICON_NAME = AppIcon;
				ASSETCATALOG_COMPILER_GLOBAL_ACCENT_COLOR_NAME = AccentColor;
				CODE_SIGN_STYLE = Automatic;
				CURRENT_PROJECT_VERSION = 1;
				GENERATE_INFOPLIST_FILE = YES;
				INFOPLIST_FILE = Test/Info.plist;
				INFOPLIST_KEY_UIApplicationSupportsIndirectInputEvents = YES;
				INFOPLIST_KEY_UILaunchStoryboardName = LaunchScreen;
				INFOPLIST_KEY_UIMainStoryboardFile = Main;
				INFOPLIST_KEY_UISupportedInterfaceOrientations_iPad = "UIInterfaceOrientationPortrait UIInterfaceOrientationPortraitUpsideDown UIInterfaceOrientationLandscapeLeft UIInterfaceOrientationLandscapeRight";
				INFOPLIST_KEY_UISupportedInterfaceOrientations_iPhone = "UIInterfaceOrientationPortrait UIInterfaceOrientationLandscapeLeft UIInterfaceOrientationLandscapeRight";
				LD_RUNPATH_SEARCH_PATHS = (
					"$(inherited)",
					"@executable_path/Frameworks",
				);
				MARKETING_VERSION = 1.0;
				PRODUCT_BUNDLE_IDENTIFIER = com.parth.Test;
				PRODUCT_NAME = "$(TARGET_NAME)";
				SWIFT_EMIT_LOC_STRINGS = YES;
				SWIFT_VERSION = 5.0;
				TARGETED_DEVICE_FAMILY = "1,2";
			};
			name = Debug;
		};
		B249C47A29A33B37004814F2 /* Release */ = {
			isa = XCBuildConfiguration;
			buildSettings = {
				ASSETCATALOG_COMPILER_APPICON_NAME = AppIcon;
				ASSETCATALOG_COMPILER_GLOBAL_ACCENT_COLOR_NAME = AccentColor;
				CODE_SIGN_STYLE = Automatic;
				CURRENT_PROJECT_VERSION = 1;
				GENERATE_INFOPLIST_FILE = YES;
				INFOPLIST_FILE = Test/Info.plist;
				INFOPLIST_KEY_UIApplicationSupportsIndirectInputEvents = YES;
				INFOPLIST_KEY_UILaunchStoryboardName = LaunchScreen;
				INFOPLIST_KEY_UIMainStoryboardFile = Main;
				INFOPLIST_KEY_UISupportedInterfaceOrientations_iPad = "UIInterfaceOrientationPortrait UIInterfaceOrientationPortraitUpsideDown UIInterfaceOrientationLandscapeLeft UIInterfaceOrientationLandscapeRight";
				INFOPLIST_KEY_UISupportedInterfaceOrientations_iPhone = "UIInterfaceOrientationPortrait UIInterfaceOrientationLandscapeLeft UIInterfaceOrientationLandscapeRight";
				LD_RUNPATH_SEARCH_PATHS = (
					"$(inherited)",
					"@executable_path/Frameworks",
				);
				MARKETING_VERSION = 1.0;
				PRODUCT_BUNDLE_IDENTIFIER = com.parth.Test;
				PRODUCT_NAME = "$(TARGET_NAME)";
				SWIFT_EMIT_LOC_STRINGS = YES;
				SWIFT_VERSION = 5.0;
				TARGETED_DEVICE_FAMILY = "1,2";
			};
			name = Release;
		};
		B249C47C29A33B37004814F2 /* Debug */ = {
			isa = XCBuildConfiguration;
			buildSettings = {
				ALWAYS_EMBED_SWIFT_STANDARD_LIBRARIES = YES;
				BUNDLE_LOADER = "$(TEST_HOST)";
				CODE_SIGN_STYLE = Automatic;
				CURRENT_PROJECT_VERSION = 1;
				GENERATE_INFOPLIST_FILE = YES;
				IPHONEOS_DEPLOYMENT_TARGET = 16.0;
				MARKETING_VERSION = 1.0;
				PRODUCT_BUNDLE_IDENTIFIER = com.parth.TestTests;
				PRODUCT_NAME = "$(TARGET_NAME)";
				SWIFT_EMIT_LOC_STRINGS = NO;
				SWIFT_VERSION = 5.0;
				TARGETED_DEVICE_FAMILY = "1,2";
				TEST_HOST = "$(BUILT_PRODUCTS_DIR)/ContactFetch Demo.app/$(BUNDLE_EXECUTABLE_FOLDER_PATH)/ContactFetch Demo";
			};
			name = Debug;
		};
		B249C47D29A33B37004814F2 /* Release */ = {
			isa = XCBuildConfiguration;
			buildSettings = {
				ALWAYS_EMBED_SWIFT_STANDARD_LIBRARIES = YES;
				BUNDLE_LOADER = "$(TEST_HOST)";
				CODE_SIGN_STYLE = Automatic;
				CURRENT_PROJECT_VERSION = 1;
				GENERATE_INFOPLIST_FILE = YES;
				IPHONEOS_DEPLOYMENT_TARGET = 16.0;
				MARKETING_VERSION = 1.0;
				PRODUCT_BUNDLE_IDENTIFIER = com.parth.TestTests;
				PRODUCT_NAME = "$(TARGET_NAME)";
				SWIFT_EMIT_LOC_STRINGS = NO;
				SWIFT_VERSION = 5.0;
				TARGETED_DEVICE_FAMILY = "1,2";
				TEST_HOST = "$(BUILT_PRODUCTS_DIR)/ContactFetch Demo.app/$(BUNDLE_EXECUTABLE_FOLDER_PATH)/ContactFetch Demo";
			};
			name = Release;
		};
		B249C47F29A33B37004814F2 /* Debug */ = {
			isa = XCBuildConfiguration;
			buildSettings = {
				ALWAYS_EMBED_SWIFT_STANDARD_LIBRARIES = YES;
				CODE_SIGN_STYLE = Automatic;
				CURRENT_PROJECT_VERSION = 1;
				GENERATE_INFOPLIST_FILE = YES;
				MARKETING_VERSION = 1.0;
				PRODUCT_BUNDLE_IDENTIFIER = com.parth.TestUITests;
				PRODUCT_NAME = "$(TARGET_NAME)";
				SWIFT_EMIT_LOC_STRINGS = NO;
				SWIFT_VERSION = 5.0;
				TARGETED_DEVICE_FAMILY = "1,2";
				TEST_TARGET_NAME = Test;
			};
			name = Debug;
		};
		B249C48029A33B37004814F2 /* Release */ = {
			isa = XCBuildConfiguration;
			buildSettings = {
				ALWAYS_EMBED_SWIFT_STANDARD_LIBRARIES = YES;
				CODE_SIGN_STYLE = Automatic;
				CURRENT_PROJECT_VERSION = 1;
				GENERATE_INFOPLIST_FILE = YES;
				MARKETING_VERSION = 1.0;
				PRODUCT_BUNDLE_IDENTIFIER = com.parth.TestUITests;
				PRODUCT_NAME = "$(TARGET_NAME)";
				SWIFT_EMIT_LOC_STRINGS = NO;
				SWIFT_VERSION = 5.0;
				TARGETED_DEVICE_FAMILY = "1,2";
				TEST_TARGET_NAME = Test;
			};
			name = Release;
		};
/* End XCBuildConfiguration section */

/* Begin XCConfigurationList section */
		B249C44929A33B34004814F2 /* Build configuration list for PBXProject "ContactFetch Demo" */ = {
			isa = XCConfigurationList;
			buildConfigurations = (
				B249C47629A33B37004814F2 /* Debug */,
				B249C47729A33B37004814F2 /* Release */,
			);
			defaultConfigurationIsVisible = 0;
			defaultConfigurationName = Release;
		};
		B249C47829A33B37004814F2 /* Build configuration list for PBXNativeTarget "ContactFetch Demo" */ = {
			isa = XCConfigurationList;
			buildConfigurations = (
				B249C47929A33B37004814F2 /* Debug */,
				B249C47A29A33B37004814F2 /* Release */,
			);
			defaultConfigurationIsVisible = 0;
			defaultConfigurationName = Release;
		};
		B249C47B29A33B37004814F2 /* Build configuration list for PBXNativeTarget "ContactFetch DemoContactFetch Demos" */ = {
			isa = XCConfigurationList;
			buildConfigurations = (
				B249C47C29A33B37004814F2 /* Debug */,
				B249C47D29A33B37004814F2 /* Release */,
			);
			defaultConfigurationIsVisible = 0;
			defaultConfigurationName = Release;
		};
		B249C47E29A33B37004814F2 /* Build configuration list for PBXNativeTarget "ContactFetch DemoUIContactFetch Demos" */ = {
			isa = XCConfigurationList;
			buildConfigurations = (
				B249C47F29A33B37004814F2 /* Debug */,
				B249C48029A33B37004814F2 /* Release */,
			);
			defaultConfigurationIsVisible = 0;
			defaultConfigurationName = Release;
		};
/* End XCConfigurationList section */
	};
	rootObject = B249C44629A33B34004814F2 /* Project object */;
}
